{
  "nodes": {
    "brew-src": {
      "flake": false,
      "locked": {
        "lastModified": 1786945682,
        "narHash": "sha256-VBESSoJccikdhxh3vp3SQeG7cZXTOulMvVkoSqNDEhs=",
        "owner": "Homebrew",
        "repo": "brew",
        "rev": "5b90e281d4e0c8fbd6ca4d8358276fb305b8d0bd",
        "type": "github"
      },
      "original": {
        "owner": "Homebrew",
        "ref": "6.0.18",
        "repo": "brew",
        "type": "github"
      }
    },
    "bun2nix": {
      "inputs": {
        "flake-parts": [
          "llm-agents",
          "flake-parts"
        ],
        "nixpkgs": [
          "llm-agents",
          "nixpkgs"
        ],
        "systems": [
          "llm-agents",
          "systems"
        ],
        "treefmt-nix": [
          "llm-agents",
          "treefmt-nix"
        ]
      },
      "locked": {
        "lastModified": 1784665499,
        "narHash": "sha256-9BMxlTxCCDAeoNLtb1a/st7udtTIJep+wpUzquA29VU=",
        "owner": "nix-community",
        "repo": "bun2nix",
        "rev": "0f2a1f0b6f42cebe3b149bf62d38754c5e0e9729",
        "type": "github"
      },
      "original": {
        "owner": "nix-community",
        "repo": "bun2nix",
        "type": "github"
      }
    },
    "flake-parts": {
      "inputs": {
        "nixpkgs-lib": [
          "llm-agents",
          "nixpkgs"
        ]
      },
      "locked": {
        "lastModified": 1787559586,
        "narHash": "sha256-onL0VLf9vPllmT0H/OlURIU5r5t5WIEl7t4tVNKT0Nw=",
        "owner": "hercules-ci",
        "repo": "flake-parts",
        "rev": "9d0d87172c374f89da73c1cfe6d81ae62feac1f1",
        "type": "github"
      },
      "original": {
        "owner": "hercules-ci",
        "repo": "flake-parts",
        "type": "github"
      }
    },
    "home-manager": {
      "inputs": {
        "nixpkgs": [
          "nixpkgs"
        ]
      },
      "locked": {
        "lastModified": 1787797243,
        "narHash": "sha256-8+Q7NOB7RPajRjA4pbCDLzqH+MTjnG9x6LUPLfL2joA=",
        "owner": "nix-community",
        "repo": "home-manager",
        "rev": "99c9ec63390f1d8c14d95d9e8b17cc29cfbd4e11",
        "type": "github"
      },
      "original": {
        "owner": "nix-community",
        "repo": "home-manager",
        "type": "github"
      }
    },
    "llm-agents": {
      "inputs": {
        "bun2nix": "bun2nix",
        "flake-parts": "flake-parts",
        "nixpkgs": [
          "nixpkgs"
        ],
        "systems": "systems",
        "treefmt-nix": [
          "treefmt-nix"
        ]
      },
      "locked": {
        "lastModified": 1788010373,
        "narHash": "sha256-J6dqAfKL0uD6uIDXJdQxtOIjOmdmpfIFL1/bcJdYx/k=",
        "owner": "numtide",
        "repo": "llm-agents.nix",
        "rev": "ea5051a9c782b8430fd85f1f1d9b0e8d7e174e65",
        "type": "github"
      },
      "original": {
        "owner": "numtide",
        "repo": "llm-agents.nix",
        "type": "github"
      }
    },
    "nix-darwin": {
      "inputs": {
        "nixpkgs": [
          "nixpkgs"
        ]
      },
      "locked": {
        "lastModified": 1786845137,
        "narHash": "sha256-oQFip+v0luP8NIxJzmiW4Wu8bILsbFWom5l0zonl8hQ=",
        "owner": "nix-darwin",
        "repo": "nix-darwin",
        "rev": "4cff07de74b50e64bdd68cd4e722ab5b6b35ee48",
        "type": "github"
      },
      "original": {
        "owner": "nix-darwin",
        "ref": "master",
        "repo": "nix-darwin",
        "type": "github"
      }
    },
    "nix-homebrew": {
      "inputs": {
        "brew-src": "brew-src"
      },
      "locked": {
        "lastModified": 1787330919,
        "narHash": "sha256-LslMncqN7uOOH5S88WZtO/EVt2HwD8ltUnfyANk+mC0=",
        "owner": "zhaofengli",
        "repo": "nix-homebrew",
        "rev": "b00218e4aec0e5bf07d61a0bb13f842faa582d7b",
        "type": "github"
      },
      "original": {
        "owner": "zhaofengli",
        "repo": "nix-homebrew",
        "type": "github"
      }
    },
    "nix-index-database": {
      "inputs": {
        "nixpkgs": [
          "nixpkgs"
        ]
      },
      "locked": {
        "lastModified": 1787457452,
        "narHash": "sha256-FJh4esFS3zqNNuKwvN3t6wrJGewqp1AUF9DAEvoKPD8=",
        "owner": "nix-community",
        "repo": "nix-index-database",
        "rev": "c51d5c2ba69c907a34e90c9b6b80cd2b93811745",
        "type": "github"
      },
      "original": {
        "owner": "nix-community",
        "repo": "nix-index-database",
        "type": "github"
      }
    },
    "nixpkgs": {
      "locked": {
        "lastModified": 1787814960,
        "narHash": "sha256-PYZq1qzCJXC2zGI0mH07vrZBsw6DRBAOX0jN1pPtqOQ=",
        "owner": "NixOS",
        "repo": "nixpkgs",
        "rev": "c27cdad491a991b11ed731760aa2ef8db0cb0410",
        "type": "github"
      },
      "original": {
        "owner": "NixOS",
        "ref": "nixpkgs-unstable",
        "repo": "nixpkgs",
        "type": "github"
      }
    },
    "root": {
      "inputs": {
        "home-manager": "home-manager",
        "llm-agents": "llm-agents",
        "nix-darwin": "nix-darwin",
        "nix-homebrew": "nix-homebrew",
        "nix-index-database": "nix-index-database",
        "nixpkgs": "nixpkgs",
        "treefmt-nix": "treefmt-nix"
      }
    },
    "systems": {
      "locked": {
        "lastModified": 1681028828,
        "narHash": "sha256-Vy1rq5AaRuLzOxct8nz4T6wlgyUR7zLU309k9mBC768=",
        "owner": "nix-systems",
        "repo": "default",
        "rev": "da67096a3b9bf56a91d16901293e51ba5b49a27e",
        "type": "github"
      },
      "original": {
        "owner": "nix-systems",
        "repo": "default",
        "type": "github"
      }
    },
    "treefmt-nix": {
      "inputs": {
        "nixpkgs": [
          "nixpkgs"
        ]
      },
      "locked": {
        "lastModified": 1786901030,
        "narHash": "sha256-WSFCsDSE5ffgD2MqzkM2CYjeFiKhRF/dJUN8uedb6YE=",
        "owner": "numtide",
        "repo": "treefmt-nix",
        "rev": "27b3b12a8e6375f28ebe122f07d230ca5459bbfa",
        "type": "github"
      },
      "original": {
        "owner": "numtide",
        "repo": "treefmt-nix",
        "type": "github"
      }
    }
  },
  "root": "root",
  "version": 7
}
